
Microsoft Visual Studio Solution File, Format Version 12.00
# Visual Studio Express 2012 for Windows Phone
Project("{FAE04EC0-301F-11D3-BF4B-00C04F79EFBC}") = "VoiceQuiz", "PhoneVoice\VoiceQuiz.csproj", "{CB723836-9547-4C5B-BD32-350C782E8B1C}"
EndProject
Global
	GlobalSection(SolutionConfigurationPlatforms) = preSolution
		Debug|Any CPU = Debug|Any CPU
		Debug|ARM = Debug|ARM
		Debug|x86 = Debug|x86
		Release|Any CPU = Release|Any CPU
		Release|ARM = Release|ARM
		Release|x86 = Release|x86
		Store|Any CPU = Store|Any CPU
		Store|ARM = Store|ARM
		Store|x86 = Store|x86
	EndGlobalSection
	GlobalSection(ProjectConfigurationPlatforms) = postSolution
		{CB723836-9547-4C5B-BD32-350C782E8B1C}.Debug|Any CPU.ActiveCfg = Debug|Any CPU
		{CB723836-9547-4C5B-BD32-350C782E8B1C}.Debug|Any CPU.Build.0 = Debug|Any CPU
		{CB723836-9547-4C5B-BD32-350C782E8B1C}.Debug|Any CPU.Deploy.0 = Debug|Any CPU
		{CB723836-9547-4C5B-BD32-350C782E8B1C}.Debug|ARM.ActiveCfg = Debug|ARM
		{CB723836-9547-4C5B-BD32-350C782E8B1C}.Debug|ARM.Build.0 = Debug|ARM
		{CB723836-9547-4C5B-BD32-350C782E8B1C}.Debug|ARM.Deploy.0 = Debug|ARM
		{CB723836-9547-4C5B-BD32-350C782E8B1C}.Debug|x86.ActiveCfg = Debug|x86
		{CB723836-9547-4C5B-BD32-350C782E8B1C}.Debug|x86.Build.0 = Debug|x86
		{CB723836-9547-4C5B-BD32-350C782E8B1C}.Debug|x86.Deploy.0 = Debug|x86
		{CB723836-9547-4C5B-BD32-350C782E8B1C}.Release|Any CPU.ActiveCfg = Release|Any CPU
		{CB723836-9547-4C5B-BD32-350C782E8B1C}.Release|Any CPU.Build.0 = Release|Any CPU
		{CB723836-9547-4C5B-BD32-350C782E8B1C}.Release|Any CPU.Deploy.0 = Release|Any CPU
		{CB723836-9547-4C5B-BD32-350C782E8B1C}.Release|ARM.ActiveCfg = Release|ARM
		{CB723836-9547-4C5B-BD32-350C782E8B1C}.Release|ARM.Build.0 = Release|ARM
		{CB723836-9547-4C5B-BD32-350C782E8B1C}.Release|ARM.Deploy.0 = Release|ARM
		{CB723836-9547-4C5B-BD32-350C782E8B1C}.Release|x86.ActiveCfg = Release|x86
		{CB723836-9547-4C5B-BD32-350C782E8B1C}.Release|x86.Build.0 = Release|x86
		{CB723836-9547-4C5B-BD32-350C782E8B1C}.Release|x86.Deploy.0 = Release|x86
		{CB723836-9547-4C5B-BD32-350C782E8B1C}.Store|Any CPU.ActiveCfg = Store|Any CPU
		{CB723836-9547-4C5B-BD32-350C782E8B1C}.Store|Any CPU.Build.0 = Store|Any CPU
		{CB723836-9547-4C5B-BD32-350C782E8B1C}.Store|Any CPU.Deploy.0 = Store|Any CPU
		{CB723836-9547-4C5B-BD32-350C782E8B1C}.Store|ARM.ActiveCfg = Store|ARM
		{CB723836-9547-4C5B-BD32-350C782E8B1C}.Store|ARM.Build.0 = Store|ARM
		{CB723836-9547-4C5B-BD32-350C782E8B1C}.Store|ARM.Deploy.0 = Store|ARM
		{CB723836-9547-4C5B-BD32-350C782E8B1C}.Store|x86.ActiveCfg = Store|x86
		{CB723836-9547-4C5B-BD32-350C782E8B1C}.Store|x86.Build.0 = Store|x86
		{CB723836-9547-4C5B-BD32-350C782E8B1C}.Store|x86.Deploy.0 = Store|x86
	EndGlobalSection
	GlobalSection(SolutionProperties) = preSolution
		HideSolutionNode = FALSE
	EndGlobalSection
EndGlobal
